// !$*UTF8*$!
{
	archiveVersion = 1;
	classes = {
	};
	objectVersion = 46;
	objects = {

/* Begin PBXBuildFile section */
		1D60589B0D05DD56006BFB54 /* main.m in Sources */ = {isa = PBXBuildFile; fileRef = 29B97316FDCFA39411CA2CEA /* main.m */; };
		1D60589F0D05DD5A006BFB54 /* Foundation.framework in Frameworks */ = {isa = PBXBuildFile; fileRef = 1D30AB110D05D00D00671497 /* Foundation.framework */; };
		1DF5F4E00D08C38300B7A737 /* UIKit.framework in Frameworks */ = {isa = PBXBuildFile; fileRef = 1DF5F4DF0D08C38300B7A737 /* UIKit.framework */; };
		288765FD0DF74451002DB57D /* CoreGraphics.framework in Frameworks */ = {isa = PBXBuildFile; fileRef = 288765FC0DF74451002DB57D /* CoreGraphics.framework */; };
		4E2BBAC2133BDBB700730DE2 /* CGPSAppDelegate.m in Sources */ = {isa = PBXBuildFile; fileRef = 4E2BBAC1133BDBB700730DE2 /* CGPSAppDelegate.m */; };
		4E2BBACD133BDC1A00730DE2 /* CGPSMapViewController.xib in Resources */ = {isa = PBXBuildFile; fileRef = 4E2BBAC4133BDC1A00730DE2 /* CGPSMapViewController.xib */; };
		4E2BBACE133BDC1A00730DE2 /* CGPSMapViewController.m in Sources */ = {isa = PBXBuildFile; fileRef = 4E2BBAC6133BDC1A00730DE2 /* CGPSMapViewController.m */; };
		4E2BBACF133BDC1A00730DE2 /* CGPSUniversitySelectionController.m in Sources */ = {isa = PBXBuildFile; fileRef = 4E2BBAC8133BDC1A00730DE2 /* CGPSUniversitySelectionController.m */; };
		4E2BBAD0133BDC1A00730DE2 /* CGPSUniversitySelectionController.xib in Resources */ = {isa = PBXBuildFile; fileRef = 4E2BBAC9133BDC1A00730DE2 /* CGPSUniversitySelectionController.xib */; };
		4E2BBAD1133BDC1A00730DE2 /* CGPSWelcomeViewController.m in Sources */ = {isa = PBXBuildFile; fileRef = 4E2BBACB133BDC1A00730DE2 /* CGPSWelcomeViewController.m */; };
		4E2BBAD2133BDC1A00730DE2 /* CGPSWelcomeViewController.xib in Resources */ = {isa = PBXBuildFile; fileRef = 4E2BBACC133BDC1A00730DE2 /* CGPSWelcomeViewController.xib */; };
		4E2BBB96133BDC9000730DE2 /* NSArray+Each.m in Sources */ = {isa = PBXBuildFile; fileRef = 4E2BBB52133BDC9000730DE2 /* NSArray+Each.m */; };
		4E2BBB97133BDC9000730DE2 /* NSDictionary+Each.m in Sources */ = {isa = PBXBuildFile; fileRef = 4E2BBB55133BDC9000730DE2 /* NSDictionary+Each.m */; };
		4E2BBB98133BDC9000730DE2 /* NSObject+Say.m in Sources */ = {isa = PBXBuildFile; fileRef = 4E2BBB58133BDC9000730DE2 /* NSObject+Say.m */; };
/* End PBXBuildFile section */

/* Begin PBXFileReference section */
		1D30AB110D05D00D00671497 /* Foundation.framework */ = {isa = PBXFileReference; lastKnownFileType = wrapper.framework; name = Foundation.framework; path = System/Library/Frameworks/Foundation.framework; sourceTree = SDKROOT; };
		1D6058910D05DD3D006BFB54 /* CampusGPS.app */ = {isa = PBXFileReference; explicitFileType = wrapper.application; includeInIndex = 0; path = CampusGPS.app; sourceTree = BUILT_PRODUCTS_DIR; };
		1DF5F4DF0D08C38300B7A737 /* UIKit.framework */ = {isa = PBXFileReference; lastKnownFileType = wrapper.framework; name = UIKit.framework; path = System/Library/Frameworks/UIKit.framework; sourceTree = SDKROOT; };
		288765FC0DF74451002DB57D /* CoreGraphics.framework */ = {isa = PBXFileReference; lastKnownFileType = wrapper.framework; name = CoreGraphics.framework; path = System/Library/Frameworks/CoreGraphics.framework; sourceTree = SDKROOT; };
		29B97316FDCFA39411CA2CEA /* main.m */ = {isa = PBXFileReference; fileEncoding = 4; lastKnownFileType = sourcecode.c.objc; path = main.m; sourceTree = "<group>"; };
		32CA4F630368D1EE00C91783 /* CampusGPS_Prefix.pch */ = {isa = PBXFileReference; fileEncoding = 4; lastKnownFileType = sourcecode.c.h; path = CampusGPS_Prefix.pch; sourceTree = "<group>"; };
		4E2BBAC0133BDBB700730DE2 /* CGPSAppDelegate.h */ = {isa = PBXFileReference; fileEncoding = 4; lastKnownFileType = sourcecode.c.h; path = CGPSAppDelegate.h; sourceTree = "<group>"; };
		4E2BBAC1133BDBB700730DE2 /* CGPSAppDelegate.m */ = {isa = PBXFileReference; fileEncoding = 4; lastKnownFileType = sourcecode.c.objc; path = CGPSAppDelegate.m; sourceTree = "<group>"; };
		4E2BBAC4133BDC1A00730DE2 /* CGPSMapViewController.xib */ = {isa = PBXFileReference; lastKnownFileType = file.xib; path = CGPSMapViewController.xib; sourceTree = "<group>"; };
		4E2BBAC5133BDC1A00730DE2 /* CGPSMapViewController.h */ = {isa = PBXFileReference; fileEncoding = 4; lastKnownFileType = sourcecode.c.h; path = CGPSMapViewController.h; sourceTree = "<group>"; };
		4E2BBAC6133BDC1A00730DE2 /* CGPSMapViewController.m */ = {isa = PBXFileReference; fileEncoding = 4; lastKnownFileType = sourcecode.c.objc; path = CGPSMapViewController.m; sourceTree = "<group>"; };
		4E2BBAC7133BDC1A00730DE2 /* CGPSUniversitySelectionController.h */ = {isa = PBXFileReference; fileEncoding = 4; lastKnownFileType = sourcecode.c.h; path = CGPSUniversitySelectionController.h; sourceTree = "<group>"; };
		4E2BBAC8133BDC1A00730DE2 /* CGPSUniversitySelectionController.m */ = {isa = PBXFileReference; fileEncoding = 4; lastKnownFileType = sourcecode.c.objc; path = CGPSUniversitySelectionController.m; sourceTree = "<group>"; };
		4E2BBAC9133BDC1A00730DE2 /* CGPSUniversitySelectionController.xib */ = {isa = PBXFileReference; lastKnownFileType = file.xib; path = CGPSUniversitySelectionController.xib; sourceTree = "<group>"; };
		4E2BBACA133BDC1A00730DE2 /* CGPSWelcomeViewController.h */ = {isa = PBXFileReference; fileEncoding = 4; lastKnownFileType = sourcecode.c.h; path = CGPSWelcomeViewController.h; sourceTree = "<group>"; };
		4E2BBACB133BDC1A00730DE2 /* CGPSWelcomeViewController.m */ = {isa = PBXFileReference; fileEncoding = 4; lastKnownFileType = sourcecode.c.objc; path = CGPSWelcomeViewController.m; sourceTree = "<group>"; };
		4E2BBACC133BDC1A00730DE2 /* CGPSWelcomeViewController.xib */ = {isa = PBXFileReference; lastKnownFileType = file.xib; path = CGPSWelcomeViewController.xib; sourceTree = "<group>"; };
		4E2BBB4D133BDC9000730DE2 /* CHCommon.h */ = {isa = PBXFileReference; fileEncoding = 4; lastKnownFileType = sourcecode.c.h; path = CHCommon.h; sourceTree = "<group>"; };
		4E2BBB4F133BDC9000730DE2 /* CHExtensions.h */ = {isa = PBXFileReference; fileEncoding = 4; lastKnownFileType = sourcecode.c.h; path = CHExtensions.h; sourceTree = "<group>"; };
		4E2BBB51133BDC9000730DE2 /* NSArray+Each.h */ = {isa = PBXFileReference; fileEncoding = 4; lastKnownFileType = sourcecode.c.h; path = "NSArray+Each.h"; sourceTree = "<group>"; };
		4E2BBB52133BDC9000730DE2 /* NSArray+Each.m */ = {isa = PBXFileReference; fileEncoding = 4; lastKnownFileType = sourcecode.c.objc; path = "NSArray+Each.m"; sourceTree = "<group>"; };
		4E2BBB54133BDC9000730DE2 /* NSDictionary+Each.h */ = {isa = PBXFileReference; fileEncoding = 4; lastKnownFileType = sourcecode.c.h; path = "NSDictionary+Each.h"; sourceTree = "<group>"; };
		4E2BBB55133BDC9000730DE2 /* NSDictionary+Each.m */ = {isa = PBXFileReference; fileEncoding = 4; lastKnownFileType = sourcecode.c.objc; path = "NSDictionary+Each.m"; sourceTree = "<group>"; };
		4E2BBB57133BDC9000730DE2 /* NSObject+Say.h */ = {isa = PBXFileReference; fileEncoding = 4; lastKnownFileType = sourcecode.c.h; path = "NSObject+Say.h"; sourceTree = "<group>"; };
		4E2BBB58133BDC9000730DE2 /* NSObject+Say.m */ = {isa = PBXFileReference; fileEncoding = 4; lastKnownFileType = sourcecode.c.objc; path = "NSObject+Say.m"; sourceTree = "<group>"; };
		4E2BBB5A133BDC9000730DE2 /* CHMacros.h */ = {isa = PBXFileReference; fileEncoding = 4; lastKnownFileType = sourcecode.c.h; path = CHMacros.h; sourceTree = "<group>"; };
		4E2BBB5B133BDC9000730DE2 /* CHSingletonMacro.h */ = {isa = PBXFileReference; fileEncoding = 4; lastKnownFileType = sourcecode.c.h; path = CHSingletonMacro.h; sourceTree = "<group>"; };
		8D1107310486CEB800E47090 /* CampusGPS-Info.plist */ = {isa = PBXFileReference; fileEncoding = 4; lastKnownFileType = text.plist.xml; path = "CampusGPS-Info.plist"; plistStructureDefinitionIdentifier = "com.apple.xcode.plist.structure-definition.iphone.info-plist"; sourceTree = "<group>"; };
/* End PBXFileReference section */

/* Begin PBXFrameworksBuildPhase section */
		1D60588F0D05DD3D006BFB54 /* Frameworks */ = {
			isa = PBXFrameworksBuildPhase;
			buildActionMask = 2147483647;
			files = (
				1D60589F0D05DD5A006BFB54 /* Foundation.framework in Frameworks */,
				1DF5F4E00D08C38300B7A737 /* UIKit.framework in Frameworks */,
				288765FD0DF74451002DB57D /* CoreGraphics.framework in Frameworks */,
			);
			runOnlyForDeploymentPostprocessing = 0;
		};
/* End PBXFrameworksBuildPhase section */

/* Begin PBXGroup section */
		080E96DDFE201D6D7F000001 /* Classes */ = {
			isa = PBXGroup;
			children = (
				4E2BBABF133BDBA100730DE2 /* Application Delegate */,
				4E2BBAC3133BDBE500730DE2 /* User Interface */,
				4E2BBAD3133BDC4600730DE2 /* Support Files */,
			);
			path = Classes;
			sourceTree = "<group>";
		};
		19C28FACFE9D520D11CA2CBB /* Products */ = {
			isa = PBXGroup;
			children = (
				1D6058910D05DD3D006BFB54 /* CampusGPS.app */,
			);
			name = Products;
			sourceTree = "<group>";
		};
		29B97314FDCFA39411CA2CEA /* CustomTemplate */ = {
			isa = PBXGroup;
			children = (
				080E96DDFE201D6D7F000001 /* Classes */,
				29B97315FDCFA39411CA2CEA /* Other Sources */,
				29B97317FDCFA39411CA2CEA /* Resources */,
				29B97323FDCFA39411CA2CEA /* Frameworks */,
				19C28FACFE9D520D11CA2CBB /* Products */,
			);
			name = CustomTemplate;
			sourceTree = "<group>";
		};
		29B97315FDCFA39411CA2CEA /* Other Sources */ = {
			isa = PBXGroup;
			children = (
				32CA4F630368D1EE00C91783 /* CampusGPS_Prefix.pch */,
				29B97316FDCFA39411CA2CEA /* main.m */,
			);
			name = "Other Sources";
			sourceTree = "<group>";
		};
		29B97317FDCFA39411CA2CEA /* Resources */ = {
			isa = PBXGroup;
			children = (
				8D1107310486CEB800E47090 /* CampusGPS-Info.plist */,
			);
			name = Resources;
			sourceTree = "<group>";
		};
		29B97323FDCFA39411CA2CEA /* Frameworks */ = {
			isa = PBXGroup;
			children = (
				1DF5F4DF0D08C38300B7A737 /* UIKit.framework */,
				1D30AB110D05D00D00671497 /* Foundation.framework */,
				288765FC0DF74451002DB57D /* CoreGraphics.framework */,
			);
			name = Frameworks;
			sourceTree = "<group>";
		};
		4E2BBABF133BDBA100730DE2 /* Application Delegate */ = {
			isa = PBXGroup;
			children = (
				4E2BBAC0133BDBB700730DE2 /* CGPSAppDelegate.h */,
				4E2BBAC1133BDBB700730DE2 /* CGPSAppDelegate.m */,
			);
			name = "Application Delegate";
			sourceTree = "<group>";
		};
		4E2BBAC3133BDBE500730DE2 /* User Interface */ = {
			isa = PBXGroup;
			children = (
				4E2BBAC4133BDC1A00730DE2 /* CGPSMapViewController.xib */,
				4E2BBAC5133BDC1A00730DE2 /* CGPSMapViewController.h */,
				4E2BBAC6133BDC1A00730DE2 /* CGPSMapViewController.m */,
				4E2BBAC7133BDC1A00730DE2 /* CGPSUniversitySelectionController.h */,
				4E2BBAC8133BDC1A00730DE2 /* CGPSUniversitySelectionController.m */,
				4E2BBAC9133BDC1A00730DE2 /* CGPSUniversitySelectionController.xib */,
				4E2BBACA133BDC1A00730DE2 /* CGPSWelcomeViewController.h */,
				4E2BBACB133BDC1A00730DE2 /* CGPSWelcomeViewController.m */,
				4E2BBACC133BDC1A00730DE2 /* CGPSWelcomeViewController.xib */,
			);
			name = "User Interface";
			sourceTree = "<group>";
		};
		4E2BBAD3133BDC4600730DE2 /* Support Files */ = {
			isa = PBXGroup;
			children = (
				4E2BBAE6133BDC9000730DE2 /* cocoahero-common-library */,
			);
			name = "Support Files";
			sourceTree = "<group>";
		};
		4E2BBAE6133BDC9000730DE2 /* cocoahero-common-library */ = {
			isa = PBXGroup;
			children = (
				4E2BBB4D133BDC9000730DE2 /* CHCommon.h */,
				4E2BBB4E133BDC9000730DE2 /* Extensions */,
				4E2BBB59133BDC9000730DE2 /* Macros */,
			);
			path = "cocoahero-common-library";
			sourceTree = "<group>";
		};
		4E2BBB4E133BDC9000730DE2 /* Extensions */ = {
			isa = PBXGroup;
			children = (
				4E2BBB4F133BDC9000730DE2 /* CHExtensions.h */,
				4E2BBB50133BDC9000730DE2 /* NSArray */,
				4E2BBB53133BDC9000730DE2 /* NSDictionary */,
				4E2BBB56133BDC9000730DE2 /* NSObject */,
			);
			path = Extensions;
			sourceTree = "<group>";
		};
		4E2BBB50133BDC9000730DE2 /* NSArray */ = {
			isa = PBXGroup;
			children = (
				4E2BBB51133BDC9000730DE2 /* NSArray+Each.h */,
				4E2BBB52133BDC9000730DE2 /* NSArray+Each.m */,
			);
			path = NSArray;
			sourceTree = "<group>";
		};
		4E2BBB53133BDC9000730DE2 /* NSDictionary */ = {
			isa = PBXGroup;
			children = (
				4E2BBB54133BDC9000730DE2 /* NSDictionary+Each.h */,
				4E2BBB55133BDC9000730DE2 /* NSDictionary+Each.m */,
			);
			path = NSDictionary;
			sourceTree = "<group>";
		};
		4E2BBB56133BDC9000730DE2 /* NSObject */ = {
			isa = PBXGroup;
			children = (
				4E2BBB57133BDC9000730DE2 /* NSObject+Say.h */,
				4E2BBB58133BDC9000730DE2 /* NSObject+Say.m */,
			);
			path = NSObject;
			sourceTree = "<group>";
		};
		4E2BBB59133BDC9000730DE2 /* Macros */ = {
			isa = PBXGroup;
			children = (
				4E2BBB5A133BDC9000730DE2 /* CHMacros.h */,
				4E2BBB5B133BDC9000730DE2 /* CHSingletonMacro.h */,
			);
			path = Macros;
			sourceTree = "<group>";
		};
/* End PBXGroup section */

/* Begin PBXNativeTarget section */
		1D6058900D05DD3D006BFB54 /* CampusGPS */ = {
			isa = PBXNativeTarget;
			buildConfigurationList = 1D6058960D05DD3E006BFB54 /* Build configuration list for PBXNativeTarget "CampusGPS" */;
			buildPhases = (
				1D60588D0D05DD3D006BFB54 /* Resources */,
				1D60588E0D05DD3D006BFB54 /* Sources */,
				1D60588F0D05DD3D006BFB54 /* Frameworks */,
			);
			buildRules = (
			);
			dependencies = (
			);
			name = CampusGPS;
			productName = CampusGPS;
			productReference = 1D6058910D05DD3D006BFB54 /* CampusGPS.app */;
			productType = "com.apple.product-type.application";
		};
/* End PBXNativeTarget section */

/* Begin PBXProject section */
		29B97313FDCFA39411CA2CEA /* Project object */ = {
			isa = PBXProject;
			attributes = {
				ORGANIZATIONNAME = "Jonathan Baker";
			};
			buildConfigurationList = C01FCF4E08A954540054247B /* Build configuration list for PBXProject "CampusGPS" */;
			compatibilityVersion = "Xcode 3.2";
			developmentRegion = English;
			hasScannedForEncodings = 1;
			knownRegions = (
				English,
				Japanese,
				French,
				German,
			);
			mainGroup = 29B97314FDCFA39411CA2CEA /* CustomTemplate */;
			projectDirPath = "";
			projectRoot = "";
			targets = (
				1D6058900D05DD3D006BFB54 /* CampusGPS */,
			);
		};
/* End PBXProject section */

/* Begin PBXResourcesBuildPhase section */
		1D60588D0D05DD3D006BFB54 /* Resources */ = {
			isa = PBXResourcesBuildPhase;
			buildActionMask = 2147483647;
			files = (
				4E2BBACD133BDC1A00730DE2 /* CGPSMapViewController.xib in Resources */,
				4E2BBAD0133BDC1A00730DE2 /* CGPSUniversitySelectionController.xib in Resources */,
				4E2BBAD2133BDC1A00730DE2 /* CGPSWelcomeViewController.xib in Resources */,
			);
			runOnlyForDeploymentPostprocessing = 0;
		};
/* End PBXResourcesBuildPhase section */

/* Begin PBXSourcesBuildPhase section */
		1D60588E0D05DD3D006BFB54 /* Sources */ = {
			isa = PBXSourcesBuildPhase;
			buildActionMask = 2147483647;
			files = (
				1D60589B0D05DD56006BFB54 /* main.m in Sources */,
				4E2BBAC2133BDBB700730DE2 /* CGPSAppDelegate.m in Sources */,
				4E2BBACE133BDC1A00730DE2 /* CGPSMapViewController.m in Sources */,
				4E2BBACF133BDC1A00730DE2 /* CGPSUniversitySelectionController.m in Sources */,
				4E2BBAD1133BDC1A00730DE2 /* CGPSWelcomeViewController.m in Sources */,
				4E2BBB96133BDC9000730DE2 /* NSArray+Each.m in Sources */,
				4E2BBB97133BDC9000730DE2 /* NSDictionary+Each.m in Sources */,
				4E2BBB98133BDC9000730DE2 /* NSObject+Say.m in Sources */,
			);
			runOnlyForDeploymentPostprocessing = 0;
		};
/* End PBXSourcesBuildPhase section */

/* Begin XCBuildConfiguration section */
		1D6058940D05DD3E006BFB54 /* Debug */ = {
			isa = XCBuildConfiguration;
			buildSettings = {
				ALWAYS_SEARCH_USER_PATHS = NO;
				COPY_PHASE_STRIP = NO;
				GCC_DYNAMIC_NO_PIC = NO;
				GCC_OPTIMIZATION_LEVEL = 0;
				GCC_PRECOMPILE_PREFIX_HEADER = YES;
				GCC_PREFIX_HEADER = CampusGPS_Prefix.pch;
				INFOPLIST_FILE = "CampusGPS-Info.plist";
				PRODUCT_NAME = CampusGPS;
			};
			name = Debug;
		};
		1D6058950D05DD3E006BFB54 /* Release */ = {
			isa = XCBuildConfiguration;
			buildSettings = {
				ALWAYS_SEARCH_USER_PATHS = NO;
				COPY_PHASE_STRIP = YES;
				GCC_PRECOMPILE_PREFIX_HEADER = YES;
				GCC_PREFIX_HEADER = CampusGPS_Prefix.pch;
				INFOPLIST_FILE = "CampusGPS-Info.plist";
				PRODUCT_NAME = CampusGPS;
				VALIDATE_PRODUCT = YES;
			};
			name = Release;
		};
		C01FCF4F08A954540054247B /* Debug */ = {
			isa = XCBuildConfiguration;
			buildSettings = {
				ARCHS = "$(ARCHS_STANDARD_32_BIT)";
				"CODE_SIGN_IDENTITY[sdk=iphoneos*]" = "iPhone Developer";
				GCC_C_LANGUAGE_STANDARD = c99;
				GCC_WARN_ABOUT_RETURN_TYPE = YES;
				GCC_WARN_UNUSED_VARIABLE = YES;
				PREBINDING = NO;
				SDKROOT = iphoneos;
			};
			name = Debug;
		};
		C01FCF5008A954540054247B /* Release */ = {
			isa = XCBuildConfiguration;
			buildSettings = {
				ARCHS = "$(ARCHS_STANDARD_32_BIT)";
				"CODE_SIGN_IDENTITY[sdk=iphoneos*]" = "iPhone Developer";
				GCC_C_LANGUAGE_STANDARD = c99;
				GCC_WARN_ABOUT_RETURN_TYPE = YES;
				GCC_WARN_UNUSED_VARIABLE = YES;
				OTHER_CFLAGS = "-DNS_BLOCK_ASSERTIONS=1";
				PREBINDING = NO;
				SDKROOT = iphoneos;
			};
			name = Release;
		};
/* End XCBuildConfiguration section */

/* Begin XCConfigurationList section */
		1D6058960D05DD3E006BFB54 /* Build configuration list for PBXNativeTarget "CampusGPS" */ = {
			isa = XCConfigurationList;
			buildConfigurations = (
				1D6058940D05DD3E006BFB54 /* Debug */,
				1D6058950D05DD3E006BFB54 /* Release */,
			);
			defaultConfigurationIsVisible = 0;
			defaultConfigurationName = Release;
		};
		C01FCF4E08A954540054247B /* Build configuration list for PBXProject "CampusGPS" */ = {
			isa = XCConfigurationList;
			buildConfigurations = (
				C01FCF4F08A954540054247B /* Debug */,
				C01FCF5008A954540054247B /* Release */,
			);
			defaultConfigurationIsVisible = 0;
			defaultConfigurationName = Release;
		};
/* End XCConfigurationList section */
	};
	rootObject = 29B97313FDCFA39411CA2CEA /* Project object */;
}
