// !$*UTF8*$!
{
	archiveVersion = 1;
	classes = {
	};
	objectVersion = 46;
	objects = {

/* Begin PBXBuildFile section */
		1D60589B0D05DD56006BFB54 /* main.m in Sources */ = {isa = PBXBuildFile; fileRef = 29B97316FDCFA39411CA2CEA /* main.m */; };
		1D60589F0D05DD5A006BFB54 /* Foundation.framework in Frameworks */ = {isa = PBXBuildFile; fileRef = 1D30AB110D05D00D00671497 /* Foundation.framework */; };
		1DF5F4E00D08C38300B7A737 /* UIKit.framework in Frameworks */ = {isa = PBXBuildFile; fileRef = 1DF5F4DF0D08C38300B7A737 /* UIKit.framework */; };
		288765FD0DF74451002DB57D /* CoreGraphics.framework in Frameworks */ = {isa = PBXBuildFile; fileRef = 288765FC0DF74451002DB57D /* CoreGraphics.framework */; };
		4E0C5FD11342437F002A010B /* JSONKit.m in Sources */ = {isa = PBXBuildFile; fileRef = 4E0C5FB81342437F002A010B /* JSONKit.m */; };
		4E0C60B113424393002A010B /* ASIAuthenticationDialog.m in Sources */ = {isa = PBXBuildFile; fileRef = 4E0C600113424393002A010B /* ASIAuthenticationDialog.m */; };
		4E0C60B213424393002A010B /* ASIDataCompressor.m in Sources */ = {isa = PBXBuildFile; fileRef = 4E0C600413424393002A010B /* ASIDataCompressor.m */; };
		4E0C60B313424393002A010B /* ASIDataDecompressor.m in Sources */ = {isa = PBXBuildFile; fileRef = 4E0C600613424393002A010B /* ASIDataDecompressor.m */; };
		4E0C60B413424393002A010B /* ASIDownloadCache.m in Sources */ = {isa = PBXBuildFile; fileRef = 4E0C600813424393002A010B /* ASIDownloadCache.m */; };
		4E0C60B513424393002A010B /* ASIFormDataRequest.m in Sources */ = {isa = PBXBuildFile; fileRef = 4E0C600A13424393002A010B /* ASIFormDataRequest.m */; };
		4E0C60B613424393002A010B /* ASIHTTPRequest.m in Sources */ = {isa = PBXBuildFile; fileRef = 4E0C600C13424393002A010B /* ASIHTTPRequest.m */; };
		4E0C60B713424393002A010B /* ASIInputStream.m in Sources */ = {isa = PBXBuildFile; fileRef = 4E0C601013424393002A010B /* ASIInputStream.m */; };
		4E0C60B813424393002A010B /* ASINetworkQueue.m in Sources */ = {isa = PBXBuildFile; fileRef = 4E0C601213424393002A010B /* ASINetworkQueue.m */; };
		4E0C60D813424393002A010B /* Reachability.m in Sources */ = {isa = PBXBuildFile; fileRef = 4E0C605813424393002A010B /* Reachability.m */; };
		4E0C6119134243DB002A010B /* libz.dylib in Frameworks */ = {isa = PBXBuildFile; fileRef = 4E0C6118134243DB002A010B /* libz.dylib */; };
		4E137FEE1340CB1500349F65 /* CGPSCampusDetailViewController.m in Sources */ = {isa = PBXBuildFile; fileRef = 4E137FEC1340CB1500349F65 /* CGPSCampusDetailViewController.m */; };
		4E137FEF1340CB1500349F65 /* CGPSCampusDetailViewController.xib in Resources */ = {isa = PBXBuildFile; fileRef = 4E137FED1340CB1500349F65 /* CGPSCampusDetailViewController.xib */; };
		4E1380861340DC5C00349F65 /* CoreLocation.framework in Frameworks */ = {isa = PBXBuildFile; fileRef = 4E1380851340DC5C00349F65 /* CoreLocation.framework */; };
		4E1381F513412C4B00349F65 /* CGPSNewLocationViewController.m in Sources */ = {isa = PBXBuildFile; fileRef = 4E1381F313412C4B00349F65 /* CGPSNewLocationViewController.m */; };
		4E1381F613412C4B00349F65 /* CGPSNewLocationViewController.xib in Resources */ = {isa = PBXBuildFile; fileRef = 4E1381F413412C4B00349F65 /* CGPSNewLocationViewController.xib */; };
		4E1D00C81361CD7B009B20BF /* NSArray+Each.m in Sources */ = {isa = PBXBuildFile; fileRef = 4E1D00791361CD7B009B20BF /* NSArray+Each.m */; };
		4E1D00C91361CD7B009B20BF /* NSDictionary+Each.m in Sources */ = {isa = PBXBuildFile; fileRef = 4E1D007B1361CD7B009B20BF /* NSDictionary+Each.m */; };
		4E1D00CA1361CD7B009B20BF /* NSObject+Say.m in Sources */ = {isa = PBXBuildFile; fileRef = 4E1D007D1361CD7B009B20BF /* NSObject+Say.m */; };
		4E1D00CB1361CD7B009B20BF /* UIColor+Hex.m in Sources */ = {isa = PBXBuildFile; fileRef = 4E1D007F1361CD7B009B20BF /* UIColor+Hex.m */; };
		4E2BBAC2133BDBB700730DE2 /* CGPSAppDelegate.m in Sources */ = {isa = PBXBuildFile; fileRef = 4E2BBAC1133BDBB700730DE2 /* CGPSAppDelegate.m */; };
		4E2BBACE133BDC1A00730DE2 /* CGPSMapViewController.m in Sources */ = {isa = PBXBuildFile; fileRef = 4E2BBAC6133BDC1A00730DE2 /* CGPSMapViewController.m */; };
		4E2BBACF133BDC1A00730DE2 /* CGPSUniversitySelectionController.m in Sources */ = {isa = PBXBuildFile; fileRef = 4E2BBAC8133BDC1A00730DE2 /* CGPSUniversitySelectionController.m */; };
		4E2BBAD0133BDC1A00730DE2 /* CGPSUniversitySelectionController.xib in Resources */ = {isa = PBXBuildFile; fileRef = 4E2BBAC9133BDC1A00730DE2 /* CGPSUniversitySelectionController.xib */; };
		4E2BBAD1133BDC1A00730DE2 /* CGPSWelcomeViewController.m in Sources */ = {isa = PBXBuildFile; fileRef = 4E2BBACB133BDC1A00730DE2 /* CGPSWelcomeViewController.m */; };
		4E2BBAD2133BDC1A00730DE2 /* CGPSWelcomeViewController.xib in Resources */ = {isa = PBXBuildFile; fileRef = 4E2BBACC133BDC1A00730DE2 /* CGPSWelcomeViewController.xib */; };
		4E2BBBBB133BDE5F00730DE2 /* bg-image.jpg in Resources */ = {isa = PBXBuildFile; fileRef = 4E2BBBB9133BDE5F00730DE2 /* bg-image.jpg */; };
		4E2BBBBC133BDE5F00730DE2 /* map-icon.png in Resources */ = {isa = PBXBuildFile; fileRef = 4E2BBBBA133BDE5F00730DE2 /* map-icon.png */; };
		4E2BBBEF133BE0BA00730DE2 /* CGPSMapViewController.xib in Resources */ = {isa = PBXBuildFile; fileRef = 4E2BBBEE133BE0BA00730DE2 /* CGPSMapViewController.xib */; };
		4E2BBC01133BE19D00730DE2 /* MapKit.framework in Frameworks */ = {isa = PBXBuildFile; fileRef = 4E2BBC00133BE19D00730DE2 /* MapKit.framework */; };
		4E2BBC48133BE3BA00730DE2 /* CFNetwork.framework in Frameworks */ = {isa = PBXBuildFile; fileRef = 4E2BBC47133BE3BA00730DE2 /* CFNetwork.framework */; };
		4E2BBC4A133BE3BA00730DE2 /* MobileCoreServices.framework in Frameworks */ = {isa = PBXBuildFile; fileRef = 4E2BBC49133BE3BA00730DE2 /* MobileCoreServices.framework */; };
		4E2BBC4C133BE3BA00730DE2 /* SystemConfiguration.framework in Frameworks */ = {isa = PBXBuildFile; fileRef = 4E2BBC4B133BE3BA00730DE2 /* SystemConfiguration.framework */; };
		4E2BBC54133BE3C900730DE2 /* CoreData.framework in Frameworks */ = {isa = PBXBuildFile; fileRef = 4E2BBC53133BE3C900730DE2 /* CoreData.framework */; };
		4E2BBD00133BE91200730DE2 /* CGPSCampus.m in Sources */ = {isa = PBXBuildFile; fileRef = 4E2BBCFF133BE91200730DE2 /* CGPSCampus.m */; };
		4E2BBD03133C26A300730DE2 /* CGPSAPIController.m in Sources */ = {isa = PBXBuildFile; fileRef = 4E2BBD02133C26A300730DE2 /* CGPSAPIController.m */; };
		4EA28FDF133D024600E82A5E /* CGPSLocation.m in Sources */ = {isa = PBXBuildFile; fileRef = 4EA28FDE133D024600E82A5E /* CGPSLocation.m */; };
/* End PBXBuildFile section */

/* Begin PBXFileReference section */
		1D30AB110D05D00D00671497 /* Foundation.framework */ = {isa = PBXFileReference; lastKnownFileType = wrapper.framework; name = Foundation.framework; path = System/Library/Frameworks/Foundation.framework; sourceTree = SDKROOT; };
		1D6058910D05DD3D006BFB54 /* CampusGPS.app */ = {isa = PBXFileReference; explicitFileType = wrapper.application; includeInIndex = 0; path = CampusGPS.app; sourceTree = BUILT_PRODUCTS_DIR; };
		1DF5F4DF0D08C38300B7A737 /* UIKit.framework */ = {isa = PBXFileReference; lastKnownFileType = wrapper.framework; name = UIKit.framework; path = System/Library/Frameworks/UIKit.framework; sourceTree = SDKROOT; };
		288765FC0DF74451002DB57D /* CoreGraphics.framework */ = {isa = PBXFileReference; lastKnownFileType = wrapper.framework; name = CoreGraphics.framework; path = System/Library/Frameworks/CoreGraphics.framework; sourceTree = SDKROOT; };
		29B97316FDCFA39411CA2CEA /* main.m */ = {isa = PBXFileReference; fileEncoding = 4; lastKnownFileType = sourcecode.c.objc; path = main.m; sourceTree = "<group>"; };
		32CA4F630368D1EE00C91783 /* CampusGPS_Prefix.pch */ = {isa = PBXFileReference; fileEncoding = 4; lastKnownFileType = sourcecode.c.h; path = CampusGPS_Prefix.pch; sourceTree = "<group>"; };
		4E0C5FB71342437F002A010B /* JSONKit.h */ = {isa = PBXFileReference; fileEncoding = 4; lastKnownFileType = sourcecode.c.h; path = JSONKit.h; sourceTree = "<group>"; };
		4E0C5FB81342437F002A010B /* JSONKit.m */ = {isa = PBXFileReference; fileEncoding = 4; lastKnownFileType = sourcecode.c.objc; path = JSONKit.m; sourceTree = "<group>"; };
		4E0C600013424393002A010B /* ASIAuthenticationDialog.h */ = {isa = PBXFileReference; fileEncoding = 4; lastKnownFileType = sourcecode.c.h; path = ASIAuthenticationDialog.h; sourceTree = "<group>"; };
		4E0C600113424393002A010B /* ASIAuthenticationDialog.m */ = {isa = PBXFileReference; fileEncoding = 4; lastKnownFileType = sourcecode.c.objc; path = ASIAuthenticationDialog.m; sourceTree = "<group>"; };
		4E0C600213424393002A010B /* ASICacheDelegate.h */ = {isa = PBXFileReference; fileEncoding = 4; lastKnownFileType = sourcecode.c.h; path = ASICacheDelegate.h; sourceTree = "<group>"; };
		4E0C600313424393002A010B /* ASIDataCompressor.h */ = {isa = PBXFileReference; fileEncoding = 4; lastKnownFileType = sourcecode.c.h; path = ASIDataCompressor.h; sourceTree = "<group>"; };
		4E0C600413424393002A010B /* ASIDataCompressor.m */ = {isa = PBXFileReference; fileEncoding = 4; lastKnownFileType = sourcecode.c.objc; path = ASIDataCompressor.m; sourceTree = "<group>"; };
		4E0C600513424393002A010B /* ASIDataDecompressor.h */ = {isa = PBXFileReference; fileEncoding = 4; lastKnownFileType = sourcecode.c.h; path = ASIDataDecompressor.h; sourceTree = "<group>"; };
		4E0C600613424393002A010B /* ASIDataDecompressor.m */ = {isa = PBXFileReference; fileEncoding = 4; lastKnownFileType = sourcecode.c.objc; path = ASIDataDecompressor.m; sourceTree = "<group>"; };
		4E0C600713424393002A010B /* ASIDownloadCache.h */ = {isa = PBXFileReference; fileEncoding = 4; lastKnownFileType = sourcecode.c.h; path = ASIDownloadCache.h; sourceTree = "<group>"; };
		4E0C600813424393002A010B /* ASIDownloadCache.m */ = {isa = PBXFileReference; fileEncoding = 4; lastKnownFileType = sourcecode.c.objc; path = ASIDownloadCache.m; sourceTree = "<group>"; };
		4E0C600913424393002A010B /* ASIFormDataRequest.h */ = {isa = PBXFileReference; fileEncoding = 4; lastKnownFileType = sourcecode.c.h; path = ASIFormDataRequest.h; sourceTree = "<group>"; };
		4E0C600A13424393002A010B /* ASIFormDataRequest.m */ = {isa = PBXFileReference; fileEncoding = 4; lastKnownFileType = sourcecode.c.objc; path = ASIFormDataRequest.m; sourceTree = "<group>"; };
		4E0C600B13424393002A010B /* ASIHTTPRequest.h */ = {isa = PBXFileReference; fileEncoding = 4; lastKnownFileType = sourcecode.c.h; path = ASIHTTPRequest.h; sourceTree = "<group>"; };
		4E0C600C13424393002A010B /* ASIHTTPRequest.m */ = {isa = PBXFileReference; fileEncoding = 4; lastKnownFileType = sourcecode.c.objc; path = ASIHTTPRequest.m; sourceTree = "<group>"; };
		4E0C600D13424393002A010B /* ASIHTTPRequestConfig.h */ = {isa = PBXFileReference; fileEncoding = 4; lastKnownFileType = sourcecode.c.h; path = ASIHTTPRequestConfig.h; sourceTree = "<group>"; };
		4E0C600E13424393002A010B /* ASIHTTPRequestDelegate.h */ = {isa = PBXFileReference; fileEncoding = 4; lastKnownFileType = sourcecode.c.h; path = ASIHTTPRequestDelegate.h; sourceTree = "<group>"; };
		4E0C600F13424393002A010B /* ASIInputStream.h */ = {isa = PBXFileReference; fileEncoding = 4; lastKnownFileType = sourcecode.c.h; path = ASIInputStream.h; sourceTree = "<group>"; };
		4E0C601013424393002A010B /* ASIInputStream.m */ = {isa = PBXFileReference; fileEncoding = 4; lastKnownFileType = sourcecode.c.objc; path = ASIInputStream.m; sourceTree = "<group>"; };
		4E0C601113424393002A010B /* ASINetworkQueue.h */ = {isa = PBXFileReference; fileEncoding = 4; lastKnownFileType = sourcecode.c.h; path = ASINetworkQueue.h; sourceTree = "<group>"; };
		4E0C601213424393002A010B /* ASINetworkQueue.m */ = {isa = PBXFileReference; fileEncoding = 4; lastKnownFileType = sourcecode.c.objc; path = ASINetworkQueue.m; sourceTree = "<group>"; };
		4E0C601313424393002A010B /* ASIProgressDelegate.h */ = {isa = PBXFileReference; fileEncoding = 4; lastKnownFileType = sourcecode.c.h; path = ASIProgressDelegate.h; sourceTree = "<group>"; };
		4E0C605713424393002A010B /* Reachability.h */ = {isa = PBXFileReference; fileEncoding = 4; lastKnownFileType = sourcecode.c.h; path = Reachability.h; sourceTree = "<group>"; };
		4E0C605813424393002A010B /* Reachability.m */ = {isa = PBXFileReference; fileEncoding = 4; lastKnownFileType = sourcecode.c.objc; path = Reachability.m; sourceTree = "<group>"; };
		4E0C6118134243DB002A010B /* libz.dylib */ = {isa = PBXFileReference; lastKnownFileType = "compiled.mach-o.dylib"; name = libz.dylib; path = usr/lib/libz.dylib; sourceTree = SDKROOT; };
		4E137FEB1340CB1500349F65 /* CGPSCampusDetailViewController.h */ = {isa = PBXFileReference; fileEncoding = 4; lastKnownFileType = sourcecode.c.h; path = CGPSCampusDetailViewController.h; sourceTree = "<group>"; };
		4E137FEC1340CB1500349F65 /* CGPSCampusDetailViewController.m */ = {isa = PBXFileReference; fileEncoding = 4; lastKnownFileType = sourcecode.c.objc; path = CGPSCampusDetailViewController.m; sourceTree = "<group>"; };
		4E137FED1340CB1500349F65 /* CGPSCampusDetailViewController.xib */ = {isa = PBXFileReference; lastKnownFileType = file.xib; path = CGPSCampusDetailViewController.xib; sourceTree = "<group>"; };
		4E1380851340DC5C00349F65 /* CoreLocation.framework */ = {isa = PBXFileReference; lastKnownFileType = wrapper.framework; name = CoreLocation.framework; path = System/Library/Frameworks/CoreLocation.framework; sourceTree = SDKROOT; };
		4E1381F213412C4B00349F65 /* CGPSNewLocationViewController.h */ = {isa = PBXFileReference; fileEncoding = 4; lastKnownFileType = sourcecode.c.h; path = CGPSNewLocationViewController.h; sourceTree = "<group>"; };
		4E1381F313412C4B00349F65 /* CGPSNewLocationViewController.m */ = {isa = PBXFileReference; fileEncoding = 4; lastKnownFileType = sourcecode.c.objc; path = CGPSNewLocationViewController.m; sourceTree = "<group>"; };
		4E1381F413412C4B00349F65 /* CGPSNewLocationViewController.xib */ = {isa = PBXFileReference; lastKnownFileType = file.xib; path = CGPSNewLocationViewController.xib; sourceTree = "<group>"; };
		4E1D00711361CD7B009B20BF /* CHCommon.h */ = {isa = PBXFileReference; fileEncoding = 4; lastKnownFileType = sourcecode.c.h; path = CHCommon.h; sourceTree = "<group>"; };
		4E1D00771361CD7B009B20BF /* CHExtensions.h */ = {isa = PBXFileReference; fileEncoding = 4; lastKnownFileType = sourcecode.c.h; path = CHExtensions.h; sourceTree = "<group>"; };
		4E1D00781361CD7B009B20BF /* NSArray+Each.h */ = {isa = PBXFileReference; fileEncoding = 4; lastKnownFileType = sourcecode.c.h; path = "NSArray+Each.h"; sourceTree = "<group>"; };
		4E1D00791361CD7B009B20BF /* NSArray+Each.m */ = {isa = PBXFileReference; fileEncoding = 4; lastKnownFileType = sourcecode.c.objc; path = "NSArray+Each.m"; sourceTree = "<group>"; };
		4E1D007A1361CD7B009B20BF /* NSDictionary+Each.h */ = {isa = PBXFileReference; fileEncoding = 4; lastKnownFileType = sourcecode.c.h; path = "NSDictionary+Each.h"; sourceTree = "<group>"; };
		4E1D007B1361CD7B009B20BF /* NSDictionary+Each.m */ = {isa = PBXFileReference; fileEncoding = 4; lastKnownFileType = sourcecode.c.objc; path = "NSDictionary+Each.m"; sourceTree = "<group>"; };
		4E1D007C1361CD7B009B20BF /* NSObject+Say.h */ = {isa = PBXFileReference; fileEncoding = 4; lastKnownFileType = sourcecode.c.h; path = "NSObject+Say.h"; sourceTree = "<group>"; };
		4E1D007D1361CD7B009B20BF /* NSObject+Say.m */ = {isa = PBXFileReference; fileEncoding = 4; lastKnownFileType = sourcecode.c.objc; path = "NSObject+Say.m"; sourceTree = "<group>"; };
		4E1D007E1361CD7B009B20BF /* UIColor+Hex.h */ = {isa = PBXFileReference; fileEncoding = 4; lastKnownFileType = sourcecode.c.h; path = "UIColor+Hex.h"; sourceTree = "<group>"; };
		4E1D007F1361CD7B009B20BF /* UIColor+Hex.m */ = {isa = PBXFileReference; fileEncoding = 4; lastKnownFileType = sourcecode.c.objc; path = "UIColor+Hex.m"; sourceTree = "<group>"; };
		4E1D00811361CD7B009B20BF /* CHMacros.h */ = {isa = PBXFileReference; fileEncoding = 4; lastKnownFileType = sourcecode.c.h; path = CHMacros.h; sourceTree = "<group>"; };
		4E1D00821361CD7B009B20BF /* CHSingletonMacro.h */ = {isa = PBXFileReference; fileEncoding = 4; lastKnownFileType = sourcecode.c.h; path = CHSingletonMacro.h; sourceTree = "<group>"; };
		4E2BBAC0133BDBB700730DE2 /* CGPSAppDelegate.h */ = {isa = PBXFileReference; fileEncoding = 4; lastKnownFileType = sourcecode.c.h; path = CGPSAppDelegate.h; sourceTree = "<group>"; };
		4E2BBAC1133BDBB700730DE2 /* CGPSAppDelegate.m */ = {isa = PBXFileReference; fileEncoding = 4; lastKnownFileType = sourcecode.c.objc; path = CGPSAppDelegate.m; sourceTree = "<group>"; };
		4E2BBAC5133BDC1A00730DE2 /* CGPSMapViewController.h */ = {isa = PBXFileReference; fileEncoding = 4; lastKnownFileType = sourcecode.c.h; path = CGPSMapViewController.h; sourceTree = "<group>"; };
		4E2BBAC6133BDC1A00730DE2 /* CGPSMapViewController.m */ = {isa = PBXFileReference; fileEncoding = 4; lastKnownFileType = sourcecode.c.objc; path = CGPSMapViewController.m; sourceTree = "<group>"; };
		4E2BBAC7133BDC1A00730DE2 /* CGPSUniversitySelectionController.h */ = {isa = PBXFileReference; fileEncoding = 4; lastKnownFileType = sourcecode.c.h; path = CGPSUniversitySelectionController.h; sourceTree = "<group>"; };
		4E2BBAC8133BDC1A00730DE2 /* CGPSUniversitySelectionController.m */ = {isa = PBXFileReference; fileEncoding = 4; lastKnownFileType = sourcecode.c.objc; path = CGPSUniversitySelectionController.m; sourceTree = "<group>"; };
		4E2BBAC9133BDC1A00730DE2 /* CGPSUniversitySelectionController.xib */ = {isa = PBXFileReference; lastKnownFileType = file.xib; path = CGPSUniversitySelectionController.xib; sourceTree = "<group>"; };
		4E2BBACA133BDC1A00730DE2 /* CGPSWelcomeViewController.h */ = {isa = PBXFileReference; fileEncoding = 4; lastKnownFileType = sourcecode.c.h; path = CGPSWelcomeViewController.h; sourceTree = "<group>"; };
		4E2BBACB133BDC1A00730DE2 /* CGPSWelcomeViewController.m */ = {isa = PBXFileReference; fileEncoding = 4; lastKnownFileType = sourcecode.c.objc; path = CGPSWelcomeViewController.m; sourceTree = "<group>"; };
		4E2BBACC133BDC1A00730DE2 /* CGPSWelcomeViewController.xib */ = {isa = PBXFileReference; lastKnownFileType = file.xib; path = CGPSWelcomeViewController.xib; sourceTree = "<group>"; };
		4E2BBBB9133BDE5F00730DE2 /* bg-image.jpg */ = {isa = PBXFileReference; lastKnownFileType = image.jpeg; path = "bg-image.jpg"; sourceTree = "<group>"; };
		4E2BBBBA133BDE5F00730DE2 /* map-icon.png */ = {isa = PBXFileReference; lastKnownFileType = image.png; path = "map-icon.png"; sourceTree = "<group>"; };
		4E2BBBEE133BE0BA00730DE2 /* CGPSMapViewController.xib */ = {isa = PBXFileReference; lastKnownFileType = file.xib; path = CGPSMapViewController.xib; sourceTree = "<group>"; };
		4E2BBC00133BE19D00730DE2 /* MapKit.framework */ = {isa = PBXFileReference; lastKnownFileType = wrapper.framework; name = MapKit.framework; path = System/Library/Frameworks/MapKit.framework; sourceTree = SDKROOT; };
		4E2BBC47133BE3BA00730DE2 /* CFNetwork.framework */ = {isa = PBXFileReference; lastKnownFileType = wrapper.framework; name = CFNetwork.framework; path = System/Library/Frameworks/CFNetwork.framework; sourceTree = SDKROOT; };
		4E2BBC49133BE3BA00730DE2 /* MobileCoreServices.framework */ = {isa = PBXFileReference; lastKnownFileType = wrapper.framework; name = MobileCoreServices.framework; path = System/Library/Frameworks/MobileCoreServices.framework; sourceTree = SDKROOT; };
		4E2BBC4B133BE3BA00730DE2 /* SystemConfiguration.framework */ = {isa = PBXFileReference; lastKnownFileType = wrapper.framework; name = SystemConfiguration.framework; path = System/Library/Frameworks/SystemConfiguration.framework; sourceTree = SDKROOT; };
		4E2BBC53133BE3C900730DE2 /* CoreData.framework */ = {isa = PBXFileReference; lastKnownFileType = wrapper.framework; name = CoreData.framework; path = System/Library/Frameworks/CoreData.framework; sourceTree = SDKROOT; };
		4E2BBCFE133BE91200730DE2 /* CGPSCampus.h */ = {isa = PBXFileReference; fileEncoding = 4; lastKnownFileType = sourcecode.c.h; path = CGPSCampus.h; sourceTree = "<group>"; };
		4E2BBCFF133BE91200730DE2 /* CGPSCampus.m */ = {isa = PBXFileReference; fileEncoding = 4; lastKnownFileType = sourcecode.c.objc; path = CGPSCampus.m; sourceTree = "<group>"; };
		4E2BBD01133C26A300730DE2 /* CGPSAPIController.h */ = {isa = PBXFileReference; fileEncoding = 4; lastKnownFileType = sourcecode.c.h; path = CGPSAPIController.h; sourceTree = "<group>"; };
		4E2BBD02133C26A300730DE2 /* CGPSAPIController.m */ = {isa = PBXFileReference; fileEncoding = 4; lastKnownFileType = sourcecode.c.objc; path = CGPSAPIController.m; sourceTree = "<group>"; };
		4EA28FDD133D024600E82A5E /* CGPSLocation.h */ = {isa = PBXFileReference; fileEncoding = 4; lastKnownFileType = sourcecode.c.h; path = CGPSLocation.h; sourceTree = "<group>"; };
		4EA28FDE133D024600E82A5E /* CGPSLocation.m */ = {isa = PBXFileReference; fileEncoding = 4; lastKnownFileType = sourcecode.c.objc; path = CGPSLocation.m; sourceTree = "<group>"; };
		8D1107310486CEB800E47090 /* CampusGPS-Info.plist */ = {isa = PBXFileReference; fileEncoding = 4; lastKnownFileType = text.plist.xml; path = "CampusGPS-Info.plist"; plistStructureDefinitionIdentifier = "com.apple.xcode.plist.structure-definition.iphone.info-plist"; sourceTree = "<group>"; };
/* End PBXFileReference section */

/* Begin PBXFrameworksBuildPhase section */
		1D60588F0D05DD3D006BFB54 /* Frameworks */ = {
			isa = PBXFrameworksBuildPhase;
			buildActionMask = 2147483647;
			files = (
				1D60589F0D05DD5A006BFB54 /* Foundation.framework in Frameworks */,
				1DF5F4E00D08C38300B7A737 /* UIKit.framework in Frameworks */,
				288765FD0DF74451002DB57D /* CoreGraphics.framework in Frameworks */,
				4E2BBC01133BE19D00730DE2 /* MapKit.framework in Frameworks */,
				4E2BBC48133BE3BA00730DE2 /* CFNetwork.framework in Frameworks */,
				4E2BBC4A133BE3BA00730DE2 /* MobileCoreServices.framework in Frameworks */,
				4E2BBC4C133BE3BA00730DE2 /* SystemConfiguration.framework in Frameworks */,
				4E2BBC54133BE3C900730DE2 /* CoreData.framework in Frameworks */,
				4E1380861340DC5C00349F65 /* CoreLocation.framework in Frameworks */,
				4E0C6119134243DB002A010B /* libz.dylib in Frameworks */,
			);
			runOnlyForDeploymentPostprocessing = 0;
		};
/* End PBXFrameworksBuildPhase section */

/* Begin PBXGroup section */
		080E96DDFE201D6D7F000001 /* Classes */ = {
			isa = PBXGroup;
			children = (
				4E2BBCFD133BE8FC00730DE2 /* API Interface */,
				4E2BBABF133BDBA100730DE2 /* Application Delegate */,
				4E2BBAC3133BDBE500730DE2 /* User Interface */,
			);
			path = Classes;
			sourceTree = "<group>";
		};
		19C28FACFE9D520D11CA2CBB /* Products */ = {
			isa = PBXGroup;
			children = (
				1D6058910D05DD3D006BFB54 /* CampusGPS.app */,
			);
			name = Products;
			sourceTree = "<group>";
		};
		29B97314FDCFA39411CA2CEA /* CustomTemplate */ = {
			isa = PBXGroup;
			children = (
				080E96DDFE201D6D7F000001 /* Classes */,
				4E0C5F4F13424358002A010B /* Supporting Files */,
				29B97315FDCFA39411CA2CEA /* Other Sources */,
				29B97317FDCFA39411CA2CEA /* Resources */,
				29B97323FDCFA39411CA2CEA /* Frameworks */,
				19C28FACFE9D520D11CA2CBB /* Products */,
			);
			name = CustomTemplate;
			sourceTree = "<group>";
		};
		29B97315FDCFA39411CA2CEA /* Other Sources */ = {
			isa = PBXGroup;
			children = (
				32CA4F630368D1EE00C91783 /* CampusGPS_Prefix.pch */,
				29B97316FDCFA39411CA2CEA /* main.m */,
			);
			name = "Other Sources";
			sourceTree = "<group>";
		};
		29B97317FDCFA39411CA2CEA /* Resources */ = {
			isa = PBXGroup;
			children = (
				4E2BBBB8133BDE4800730DE2 /* Images */,
				8D1107310486CEB800E47090 /* CampusGPS-Info.plist */,
			);
			name = Resources;
			sourceTree = "<group>";
		};
		29B97323FDCFA39411CA2CEA /* Frameworks */ = {
			isa = PBXGroup;
			children = (
				4E2BBC47133BE3BA00730DE2 /* CFNetwork.framework */,
				4E2BBC49133BE3BA00730DE2 /* MobileCoreServices.framework */,
				4E2BBC4B133BE3BA00730DE2 /* SystemConfiguration.framework */,
				4E2BBC53133BE3C900730DE2 /* CoreData.framework */,
				1DF5F4DF0D08C38300B7A737 /* UIKit.framework */,
				1D30AB110D05D00D00671497 /* Foundation.framework */,
				288765FC0DF74451002DB57D /* CoreGraphics.framework */,
				4E2BBC00133BE19D00730DE2 /* MapKit.framework */,
				4E1380851340DC5C00349F65 /* CoreLocation.framework */,
				4E0C6118134243DB002A010B /* libz.dylib */,
			);
			name = Frameworks;
			sourceTree = "<group>";
		};
		4E0C5F4F13424358002A010B /* Supporting Files */ = {
			isa = PBXGroup;
			children = (
				4E1DFFF21361CD7A009B20BF /* ios-common-library */,
				4E0C5FD313424393002A010B /* ASI-HTTP-Request */,
				4E0C5F901342437F002A010B /* JSONKit */,
			);
			name = "Supporting Files";
			sourceTree = "<group>";
		};
		4E0C5F901342437F002A010B /* JSONKit */ = {
			isa = PBXGroup;
			children = (
				4E0C5FB71342437F002A010B /* JSONKit.h */,
				4E0C5FB81342437F002A010B /* JSONKit.m */,
			);
			path = JSONKit;
			sourceTree = "<group>";
		};
		4E0C5FD313424393002A010B /* ASI-HTTP-Request */ = {
			isa = PBXGroup;
			children = (
				4E0C5FFF13424393002A010B /* Classes */,
				4E0C605313424393002A010B /* External */,
			);
			path = "ASI-HTTP-Request";
			sourceTree = "<group>";
		};
		4E0C5FFF13424393002A010B /* Classes */ = {
			isa = PBXGroup;
			children = (
				4E0C600013424393002A010B /* ASIAuthenticationDialog.h */,
				4E0C600113424393002A010B /* ASIAuthenticationDialog.m */,
				4E0C600213424393002A010B /* ASICacheDelegate.h */,
				4E0C600313424393002A010B /* ASIDataCompressor.h */,
				4E0C600413424393002A010B /* ASIDataCompressor.m */,
				4E0C600513424393002A010B /* ASIDataDecompressor.h */,
				4E0C600613424393002A010B /* ASIDataDecompressor.m */,
				4E0C600713424393002A010B /* ASIDownloadCache.h */,
				4E0C600813424393002A010B /* ASIDownloadCache.m */,
				4E0C600913424393002A010B /* ASIFormDataRequest.h */,
				4E0C600A13424393002A010B /* ASIFormDataRequest.m */,
				4E0C600B13424393002A010B /* ASIHTTPRequest.h */,
				4E0C600C13424393002A010B /* ASIHTTPRequest.m */,
				4E0C600D13424393002A010B /* ASIHTTPRequestConfig.h */,
				4E0C600E13424393002A010B /* ASIHTTPRequestDelegate.h */,
				4E0C600F13424393002A010B /* ASIInputStream.h */,
				4E0C601013424393002A010B /* ASIInputStream.m */,
				4E0C601113424393002A010B /* ASINetworkQueue.h */,
				4E0C601213424393002A010B /* ASINetworkQueue.m */,
				4E0C601313424393002A010B /* ASIProgressDelegate.h */,
			);
			path = Classes;
			sourceTree = "<group>";
		};
		4E0C605313424393002A010B /* External */ = {
			isa = PBXGroup;
			children = (
				4E0C605613424393002A010B /* Reachability */,
			);
			path = External;
			sourceTree = "<group>";
		};
		4E0C605613424393002A010B /* Reachability */ = {
			isa = PBXGroup;
			children = (
				4E0C605713424393002A010B /* Reachability.h */,
				4E0C605813424393002A010B /* Reachability.m */,
			);
			path = Reachability;
			sourceTree = "<group>";
		};
		4E137FEA1340CAFC00349F65 /* Campus Detail View */ = {
			isa = PBXGroup;
			children = (
				4E137FEB1340CB1500349F65 /* CGPSCampusDetailViewController.h */,
				4E137FEC1340CB1500349F65 /* CGPSCampusDetailViewController.m */,
				4E137FED1340CB1500349F65 /* CGPSCampusDetailViewController.xib */,
			);
			name = "Campus Detail View";
			sourceTree = "<group>";
		};
		4E1381F113412C3000349F65 /* New Location View */ = {
			isa = PBXGroup;
			children = (
				4E1381F213412C4B00349F65 /* CGPSNewLocationViewController.h */,
				4E1381F313412C4B00349F65 /* CGPSNewLocationViewController.m */,
				4E1381F413412C4B00349F65 /* CGPSNewLocationViewController.xib */,
			);
			name = "New Location View";
			sourceTree = "<group>";
		};
		4E1D00751361CD7B009B20BF /* Classes */ = {
			isa = PBXGroup;
			children = (
			);
			path = Classes;
			sourceTree = "<group>";
		};
		4E1D00761361CD7B009B20BF /* Extensions */ = {
			isa = PBXGroup;
			children = (
				4E1D00771361CD7B009B20BF /* CHExtensions.h */,
				4E1D00781361CD7B009B20BF /* NSArray+Each.h */,
				4E1D00791361CD7B009B20BF /* NSArray+Each.m */,
				4E1D007A1361CD7B009B20BF /* NSDictionary+Each.h */,
				4E1D007B1361CD7B009B20BF /* NSDictionary+Each.m */,
				4E1D007C1361CD7B009B20BF /* NSObject+Say.h */,
				4E1D007D1361CD7B009B20BF /* NSObject+Say.m */,
				4E1D007E1361CD7B009B20BF /* UIColor+Hex.h */,
				4E1D007F1361CD7B009B20BF /* UIColor+Hex.m */,
			);
			path = Extensions;
			sourceTree = "<group>";
		};
		4E1D00801361CD7B009B20BF /* Macros */ = {
			isa = PBXGroup;
			children = (
				4E1D00811361CD7B009B20BF /* CHMacros.h */,
				4E1D00821361CD7B009B20BF /* CHSingletonMacro.h */,
			);
			path = Macros;
			sourceTree = "<group>";
		};
		4E1DFFF21361CD7A009B20BF /* ios-common-library */ = {
			isa = PBXGroup;
			children = (
				4E1D00711361CD7B009B20BF /* CHCommon.h */,
				4E1D00751361CD7B009B20BF /* Classes */,
				4E1D00761361CD7B009B20BF /* Extensions */,
				4E1D00801361CD7B009B20BF /* Macros */,
			);
			path = "ios-common-library";
			sourceTree = "<group>";
		};
		4E2BBABF133BDBA100730DE2 /* Application Delegate */ = {
			isa = PBXGroup;
			children = (
				4E2BBAC0133BDBB700730DE2 /* CGPSAppDelegate.h */,
				4E2BBAC1133BDBB700730DE2 /* CGPSAppDelegate.m */,
			);
			name = "Application Delegate";
			sourceTree = "<group>";
		};
		4E2BBAC3133BDBE500730DE2 /* User Interface */ = {
			isa = PBXGroup;
			children = (
				4E2BBBAD133BDDFA00730DE2 /* Welcome View */,
				4E2BBBAC133BDDEC00730DE2 /* University Selection */,
				4E137FEA1340CAFC00349F65 /* Campus Detail View */,
				4E2BBBAB133BDDDD00730DE2 /* Map View */,
				4E1381F113412C3000349F65 /* New Location View */,
			);
			name = "User Interface";
			sourceTree = "<group>";
		};
		4E2BBBAB133BDDDD00730DE2 /* Map View */ = {
			isa = PBXGroup;
			children = (
				4E2BBAC5133BDC1A00730DE2 /* CGPSMapViewController.h */,
				4E2BBAC6133BDC1A00730DE2 /* CGPSMapViewController.m */,
				4E2BBBEE133BE0BA00730DE2 /* CGPSMapViewController.xib */,
			);
			name = "Map View";
			sourceTree = "<group>";
		};
		4E2BBBAC133BDDEC00730DE2 /* University Selection */ = {
			isa = PBXGroup;
			children = (
				4E2BBAC7133BDC1A00730DE2 /* CGPSUniversitySelectionController.h */,
				4E2BBAC8133BDC1A00730DE2 /* CGPSUniversitySelectionController.m */,
				4E2BBAC9133BDC1A00730DE2 /* CGPSUniversitySelectionController.xib */,
			);
			name = "University Selection";
			sourceTree = "<group>";
		};
		4E2BBBAD133BDDFA00730DE2 /* Welcome View */ = {
			isa = PBXGroup;
			children = (
				4E2BBACA133BDC1A00730DE2 /* CGPSWelcomeViewController.h */,
				4E2BBACB133BDC1A00730DE2 /* CGPSWelcomeViewController.m */,
				4E2BBACC133BDC1A00730DE2 /* CGPSWelcomeViewController.xib */,
			);
			name = "Welcome View";
			sourceTree = "<group>";
		};
		4E2BBBB8133BDE4800730DE2 /* Images */ = {
			isa = PBXGroup;
			children = (
				4E2BBBB9133BDE5F00730DE2 /* bg-image.jpg */,
				4E2BBBBA133BDE5F00730DE2 /* map-icon.png */,
			);
			name = Images;
			sourceTree = "<group>";
		};
		4E2BBCFD133BE8FC00730DE2 /* API Interface */ = {
			isa = PBXGroup;
			children = (
				4E2BBD01133C26A300730DE2 /* CGPSAPIController.h */,
				4E2BBD02133C26A300730DE2 /* CGPSAPIController.m */,
				4E2BBCFE133BE91200730DE2 /* CGPSCampus.h */,
				4E2BBCFF133BE91200730DE2 /* CGPSCampus.m */,
				4EA28FDD133D024600E82A5E /* CGPSLocation.h */,
				4EA28FDE133D024600E82A5E /* CGPSLocation.m */,
			);
			name = "API Interface";
			sourceTree = "<group>";
		};
/* End PBXGroup section */

/* Begin PBXNativeTarget section */
		1D6058900D05DD3D006BFB54 /* CampusGPS */ = {
			isa = PBXNativeTarget;
			buildConfigurationList = 1D6058960D05DD3E006BFB54 /* Build configuration list for PBXNativeTarget "CampusGPS" */;
			buildPhases = (
				1D60588D0D05DD3D006BFB54 /* Resources */,
				1D60588E0D05DD3D006BFB54 /* Sources */,
				1D60588F0D05DD3D006BFB54 /* Frameworks */,
			);
			buildRules = (
			);
			dependencies = (
			);
			name = CampusGPS;
			productName = CampusGPS;
			productReference = 1D6058910D05DD3D006BFB54 /* CampusGPS.app */;
			productType = "com.apple.product-type.application";
		};
/* End PBXNativeTarget section */

/* Begin PBXProject section */
		29B97313FDCFA39411CA2CEA /* Project object */ = {
			isa = PBXProject;
			attributes = {
				ORGANIZATIONNAME = "Jonathan Baker";
			};
			buildConfigurationList = C01FCF4E08A954540054247B /* Build configuration list for PBXProject "CampusGPS" */;
			compatibilityVersion = "Xcode 3.2";
			developmentRegion = English;
			hasScannedForEncodings = 1;
			knownRegions = (
				English,
				Japanese,
				French,
				German,
			);
			mainGroup = 29B97314FDCFA39411CA2CEA /* CustomTemplate */;
			projectDirPath = "";
			projectRoot = "";
			targets = (
				1D6058900D05DD3D006BFB54 /* CampusGPS */,
			);
		};
/* End PBXProject section */

/* Begin PBXResourcesBuildPhase section */
		1D60588D0D05DD3D006BFB54 /* Resources */ = {
			isa = PBXResourcesBuildPhase;
			buildActionMask = 2147483647;
			files = (
				4E2BBAD0133BDC1A00730DE2 /* CGPSUniversitySelectionController.xib in Resources */,
				4E2BBAD2133BDC1A00730DE2 /* CGPSWelcomeViewController.xib in Resources */,
				4E2BBBBB133BDE5F00730DE2 /* bg-image.jpg in Resources */,
				4E2BBBBC133BDE5F00730DE2 /* map-icon.png in Resources */,
				4E2BBBEF133BE0BA00730DE2 /* CGPSMapViewController.xib in Resources */,
				4E137FEF1340CB1500349F65 /* CGPSCampusDetailViewController.xib in Resources */,
				4E1381F613412C4B00349F65 /* CGPSNewLocationViewController.xib in Resources */,
			);
			runOnlyForDeploymentPostprocessing = 0;
		};
/* End PBXResourcesBuildPhase section */

/* Begin PBXSourcesBuildPhase section */
		1D60588E0D05DD3D006BFB54 /* Sources */ = {
			isa = PBXSourcesBuildPhase;
			buildActionMask = 2147483647;
			files = (
				1D60589B0D05DD56006BFB54 /* main.m in Sources */,
				4E2BBAC2133BDBB700730DE2 /* CGPSAppDelegate.m in Sources */,
				4E2BBACE133BDC1A00730DE2 /* CGPSMapViewController.m in Sources */,
				4E2BBACF133BDC1A00730DE2 /* CGPSUniversitySelectionController.m in Sources */,
				4E2BBAD1133BDC1A00730DE2 /* CGPSWelcomeViewController.m in Sources */,
				4E2BBD00133BE91200730DE2 /* CGPSCampus.m in Sources */,
				4E2BBD03133C26A300730DE2 /* CGPSAPIController.m in Sources */,
				4EA28FDF133D024600E82A5E /* CGPSLocation.m in Sources */,
				4E137FEE1340CB1500349F65 /* CGPSCampusDetailViewController.m in Sources */,
				4E1381F513412C4B00349F65 /* CGPSNewLocationViewController.m in Sources */,
				4E0C5FD11342437F002A010B /* JSONKit.m in Sources */,
				4E0C60B113424393002A010B /* ASIAuthenticationDialog.m in Sources */,
				4E0C60B213424393002A010B /* ASIDataCompressor.m in Sources */,
				4E0C60B313424393002A010B /* ASIDataDecompressor.m in Sources */,
				4E0C60B413424393002A010B /* ASIDownloadCache.m in Sources */,
				4E0C60B513424393002A010B /* ASIFormDataRequest.m in Sources */,
				4E0C60B613424393002A010B /* ASIHTTPRequest.m in Sources */,
				4E0C60B713424393002A010B /* ASIInputStream.m in Sources */,
				4E0C60B813424393002A010B /* ASINetworkQueue.m in Sources */,
				4E0C60D813424393002A010B /* Reachability.m in Sources */,
				4E1D00C81361CD7B009B20BF /* NSArray+Each.m in Sources */,
				4E1D00C91361CD7B009B20BF /* NSDictionary+Each.m in Sources */,
				4E1D00CA1361CD7B009B20BF /* NSObject+Say.m in Sources */,
				4E1D00CB1361CD7B009B20BF /* UIColor+Hex.m in Sources */,
			);
			runOnlyForDeploymentPostprocessing = 0;
		};
/* End PBXSourcesBuildPhase section */

/* Begin XCBuildConfiguration section */
		1D6058940D05DD3E006BFB54 /* Debug */ = {
			isa = XCBuildConfiguration;
			buildSettings = {
				ALWAYS_SEARCH_USER_PATHS = NO;
				"CODE_SIGN_IDENTITY[sdk=iphoneos*]" = "iPhone Developer";
				COPY_PHASE_STRIP = NO;
				GCC_DYNAMIC_NO_PIC = NO;
				GCC_OPTIMIZATION_LEVEL = 0;
				GCC_PRECOMPILE_PREFIX_HEADER = YES;
				GCC_PREFIX_HEADER = CampusGPS_Prefix.pch;
				HEADER_SEARCH_PATHS = "";
				INFOPLIST_FILE = "CampusGPS-Info.plist";
				OTHER_LDFLAGS = (
					"-all_load",
					"-ObjC",
				);
				PRODUCT_NAME = CampusGPS;
				"PROVISIONING_PROFILE[sdk=iphoneos*]" = "";
				SEPARATE_STRIP = YES;
				USER_HEADER_SEARCH_PATHS = "";
			};
			name = Debug;
		};
		1D6058950D05DD3E006BFB54 /* Release */ = {
			isa = XCBuildConfiguration;
			buildSettings = {
				ALWAYS_SEARCH_USER_PATHS = NO;
				"CODE_SIGN_IDENTITY[sdk=iphoneos*]" = "iPhone Developer";
				COPY_PHASE_STRIP = YES;
				GCC_PRECOMPILE_PREFIX_HEADER = YES;
				GCC_PREFIX_HEADER = CampusGPS_Prefix.pch;
				HEADER_SEARCH_PATHS = "";
				INFOPLIST_FILE = "CampusGPS-Info.plist";
				OTHER_LDFLAGS = (
					"-all_load",
					"-ObjC",
				);
				PRODUCT_NAME = CampusGPS;
				"PROVISIONING_PROFILE[sdk=iphoneos*]" = "";
				SEPARATE_STRIP = YES;
				USER_HEADER_SEARCH_PATHS = "";
				VALIDATE_PRODUCT = YES;
			};
			name = Release;
		};
		C01FCF4F08A954540054247B /* Debug */ = {
			isa = XCBuildConfiguration;
			buildSettings = {
				ARCHS = "$(ARCHS_STANDARD_32_BIT)";
				"CODE_SIGN_IDENTITY[sdk=iphoneos*]" = "iPhone Developer";
				GCC_C_LANGUAGE_STANDARD = c99;
				GCC_VERSION = com.apple.compilers.llvmgcc42;
				GCC_WARN_ABOUT_RETURN_TYPE = YES;
				GCC_WARN_UNUSED_VARIABLE = YES;
				PREBINDING = NO;
				SDKROOT = iphoneos;
			};
			name = Debug;
		};
		C01FCF5008A954540054247B /* Release */ = {
			isa = XCBuildConfiguration;
			buildSettings = {
				ARCHS = "$(ARCHS_STANDARD_32_BIT)";
				"CODE_SIGN_IDENTITY[sdk=iphoneos*]" = "iPhone Developer";
				GCC_C_LANGUAGE_STANDARD = c99;
				GCC_VERSION = com.apple.compilers.llvmgcc42;
				GCC_WARN_ABOUT_RETURN_TYPE = YES;
				GCC_WARN_UNUSED_VARIABLE = YES;
				OTHER_CFLAGS = "-DNS_BLOCK_ASSERTIONS=1";
				PREBINDING = NO;
				SDKROOT = iphoneos;
			};
			name = Release;
		};
/* End XCBuildConfiguration section */

/* Begin XCConfigurationList section */
		1D6058960D05DD3E006BFB54 /* Build configuration list for PBXNativeTarget "CampusGPS" */ = {
			isa = XCConfigurationList;
			buildConfigurations = (
				1D6058940D05DD3E006BFB54 /* Debug */,
				1D6058950D05DD3E006BFB54 /* Release */,
			);
			defaultConfigurationIsVisible = 0;
			defaultConfigurationName = Release;
		};
		C01FCF4E08A954540054247B /* Build configuration list for PBXProject "CampusGPS" */ = {
			isa = XCConfigurationList;
			buildConfigurations = (
				C01FCF4F08A954540054247B /* Debug */,
				C01FCF5008A954540054247B /* Release */,
			);
			defaultConfigurationIsVisible = 0;
			defaultConfigurationName = Release;
		};
/* End XCConfigurationList section */
	};
	rootObject = 29B97313FDCFA39411CA2CEA /* Project object */;
}
